// !$*UTF8*$!
{
	archiveVersion = 1;
	classes = {
	};
	objectVersion = 46;
	objects = {

/* Begin PBXBuildFile section */
		38888BCC1E6A060000BBE851 /* KERSessionManager.framework in Frameworks */ = {isa = PBXBuildFile; fileRef = 38888BC21E6A060000BBE851 /* KERSessionManager.framework */; };
		38888BD11E6A060000BBE851 /* KERSessionManagerTests.m in Sources */ = {isa = PBXBuildFile; fileRef = 38888BD01E6A060000BBE851 /* KERSessionManagerTests.m */; };
		38888BD31E6A060000BBE851 /* KERSessionManager.h in Headers */ = {isa = PBXBuildFile; fileRef = 38888BC51E6A060000BBE851 /* KERSessionManager.h */; settings = {ATTRIBUTES = (Public, ); }; };
		38888BEB1E6A111D00BBE851 /* KERSessionManager.m in Sources */ = {isa = PBXBuildFile; fileRef = 38888BEA1E6A111D00BBE851 /* KERSessionManager.m */; };
/* End PBXBuildFile section */

/* Begin PBXContainerItemProxy section */
		38888BCD1E6A060000BBE851 /* PBXContainerItemProxy */ = {
			isa = PBXContainerItemProxy;
			containerPortal = 38888BB91E6A060000BBE851 /* Project object */;
			proxyType = 1;
			remoteGlobalIDString = 38888BC11E6A060000BBE851;
			remoteInfo = KERSessionManager;
		};
/* End PBXContainerItemProxy section */

/* Begin PBXFileReference section */
		38888BC21E6A060000BBE851 /* KERSessionManager.framework */ = {isa = PBXFileReference; explicitFileType = wrapper.framework; includeInIndex = 0; path = KERSessionManager.framework; sourceTree = BUILT_PRODUCTS_DIR; };
		38888BC51E6A060000BBE851 /* KERSessionManager.h */ = {isa = PBXFileReference; lastKnownFileType = sourcecode.c.h; path = KERSessionManager.h; sourceTree = "<group>"; };
		38888BC61E6A060000BBE851 /* Info.plist */ = {isa = PBXFileReference; lastKnownFileType = text.plist.xml; path = Info.plist; sourceTree = "<group>"; };
		38888BCB1E6A060000BBE851 /* KERSessionManagerTests.xctest */ = {isa = PBXFileReference; explicitFileType = wrapper.cfbundle; includeInIndex = 0; path = KERSessionManagerTests.xctest; sourceTree = BUILT_PRODUCTS_DIR; };
		38888BD01E6A060000BBE851 /* KERSessionManagerTests.m */ = {isa = PBXFileReference; lastKnownFileType = sourcecode.c.objc; path = KERSessionManagerTests.m; sourceTree = "<group>"; };
		38888BD21E6A060000BBE851 /* Info.plist */ = {isa = PBXFileReference; lastKnownFileType = text.plist.xml; path = Info.plist; sourceTree = "<group>"; };
		38888BEA1E6A111D00BBE851 /* KERSessionManager.m */ = {isa = PBXFileReference; fileEncoding = 4; lastKnownFileType = sourcecode.c.objc; path = KERSessionManager.m; sourceTree = "<group>"; };
/* End PBXFileReference section */

/* Begin PBXFrameworksBuildPhase section */
		38888BBE1E6A060000BBE851 /* Frameworks */ = {
			isa = PBXFrameworksBuildPhase;
			buildActionMask = 2147483647;
			files = (
			);
			runOnlyForDeploymentPostprocessing = 0;
		};
		38888BC81E6A060000BBE851 /* Frameworks */ = {
			isa = PBXFrameworksBuildPhase;
			buildActionMask = 2147483647;
			files = (
				38888BCC1E6A060000BBE851 /* KERSessionManager.framework in Frameworks */,
			);
			runOnlyForDeploymentPostprocessing = 0;
		};
/* End PBXFrameworksBuildPhase section */

/* Begin PBXGroup section */
		38888BB81E6A060000BBE851 = {
			isa = PBXGroup;
			children = (
				38888BC41E6A060000BBE851 /* KERSessionManager */,
				38888BCF1E6A060000BBE851 /* KERSessionManagerTests */,
				38888BC31E6A060000BBE851 /* Products */,
			);
			sourceTree = "<group>";
		};
		38888BC31E6A060000BBE851 /* Products */ = {
			isa = PBXGroup;
			children = (
				38888BC21E6A060000BBE851 /* KERSessionManager.framework */,
				38888BCB1E6A060000BBE851 /* KERSessionManagerTests.xctest */,
			);
			name = Products;
			sourceTree = "<group>";
		};
		38888BC41E6A060000BBE851 /* KERSessionManager */ = {
			isa = PBXGroup;
			children = (
				38888BC51E6A060000BBE851 /* KERSessionManager.h */,
				38888BEA1E6A111D00BBE851 /* KERSessionManager.m */,
				38888BC61E6A060000BBE851 /* Info.plist */,
			);
			path = KERSessionManager;
			sourceTree = "<group>";
		};
		38888BCF1E6A060000BBE851 /* KERSessionManagerTests */ = {
			isa = PBXGroup;
			children = (
				38888BD01E6A060000BBE851 /* KERSessionManagerTests.m */,
				38888BD21E6A060000BBE851 /* Info.plist */,
			);
			path = KERSessionManagerTests;
			sourceTree = "<group>";
		};
/* End PBXGroup section */

/* Begin PBXHeadersBuildPhase section */
		38888BBF1E6A060000BBE851 /* Headers */ = {
			isa = PBXHeadersBuildPhase;
			buildActionMask = 2147483647;
			files = (
				38888BD31E6A060000BBE851 /* KERSessionManager.h in Headers */,
			);
			runOnlyForDeploymentPostprocessing = 0;
		};
/* End PBXHeadersBuildPhase section */

/* Begin PBXNativeTarget section */
		38888BC11E6A060000BBE851 /* KERSessionManager */ = {
			isa = PBXNativeTarget;
			buildConfigurationList = 38888BD61E6A060000BBE851 /* Build configuration list for PBXNativeTarget "KERSessionManager" */;
			buildPhases = (
				38888BBD1E6A060000BBE851 /* Sources */,
				38888BBE1E6A060000BBE851 /* Frameworks */,
				38888BBF1E6A060000BBE851 /* Headers */,
				38888BC01E6A060000BBE851 /* Resources */,
			);
			buildRules = (
			);
			dependencies = (
			);
			name = KERSessionManager;
			productName = KERSessionManager;
			productReference = 38888BC21E6A060000BBE851 /* KERSessionManager.framework */;
			productType = "com.apple.product-type.framework";
		};
		38888BCA1E6A060000BBE851 /* KERSessionManagerTests */ = {
			isa = PBXNativeTarget;
			buildConfigurationList = 38888BD91E6A060000BBE851 /* Build configuration list for PBXNativeTarget "KERSessionManagerTests" */;
			buildPhases = (
				38888BC71E6A060000BBE851 /* Sources */,
				38888BC81E6A060000BBE851 /* Frameworks */,
				38888BC91E6A060000BBE851 /* Resources */,
			);
			buildRules = (
			);
			dependencies = (
				38888BCE1E6A060000BBE851 /* PBXTargetDependency */,
			);
			name = KERSessionManagerTests;
			productName = KERSessionManagerTests;
			productReference = 38888BCB1E6A060000BBE851 /* KERSessionManagerTests.xctest */;
			productType = "com.apple.product-type.bundle.unit-test";
		};
/* End PBXNativeTarget section */

/* Begin PBXProject section */
		38888BB91E6A060000BBE851 /* Project object */ = {
			isa = PBXProject;
			attributes = {
				LastUpgradeCheck = 0820;
				ORGANIZATIONNAME = "Quiver Coding";
				TargetAttributes = {
					38888BC11E6A060000BBE851 = {
						CreatedOnToolsVersion = 8.2.1;
						DevelopmentTeam = 8T7JS2NBEH;
						ProvisioningStyle = Automatic;
					};
					38888BCA1E6A060000BBE851 = {
						CreatedOnToolsVersion = 8.2.1;
						DevelopmentTeam = 8T7JS2NBEH;
						ProvisioningStyle = Automatic;
					};
				};
			};
			buildConfigurationList = 38888BBC1E6A060000BBE851 /* Build configuration list for PBXProject "KERSessionManager" */;
			compatibilityVersion = "Xcode 3.2";
			developmentRegion = English;
			hasScannedForEncodings = 0;
			knownRegions = (
				en,
			);
			mainGroup = 38888BB81E6A060000BBE851;
			productRefGroup = 38888BC31E6A060000BBE851 /* Products */;
			projectDirPath = "";
			projectRoot = "";
			targets = (
				38888BC11E6A060000BBE851 /* KERSessionManager */,
				38888BCA1E6A060000BBE851 /* KERSessionManagerTests */,
			);
		};
/* End PBXProject section */

/* Begin PBXResourcesBuildPhase section */
		38888BC01E6A060000BBE851 /* Resources */ = {
			isa = PBXResourcesBuildPhase;
			buildActionMask = 2147483647;
			files = (
			);
			runOnlyForDeploymentPostprocessing = 0;
		};
		38888BC91E6A060000BBE851 /* Resources */ = {
			isa = PBXResourcesBuildPhase;
			buildActionMask = 2147483647;
			files = (
			);
			runOnlyForDeploymentPostprocessing = 0;
		};
/* End PBXResourcesBuildPhase section */

/* Begin PBXSourcesBuildPhase section */
		38888BBD1E6A060000BBE851 /* Sources */ = {
			isa = PBXSourcesBuildPhase;
			buildActionMask = 2147483647;
			files = (
				38888BEB1E6A111D00BBE851 /* KERSessionManager.m in Sources */,
			);
			runOnlyForDeploymentPostprocessing = 0;
		};
		38888BC71E6A060000BBE851 /* Sources */ = {
			isa = PBXSourcesBuildPhase;
			buildActionMask = 2147483647;
			files = (
				38888BD11E6A060000BBE851 /* KERSessionManagerTests.m in Sources */,
			);
			runOnlyForDeploymentPostprocessing = 0;
		};
/* End PBXSourcesBuildPhase section */

/* Begin PBXTargetDependency section */
		38888BCE1E6A060000BBE851 /* PBXTargetDependency */ = {
			isa = PBXTargetDependency;
			target = 38888BC11E6A060000BBE851 /* KERSessionManager */;
			targetProxy = 38888BCD1E6A060000BBE851 /* PBXContainerItemProxy */;
		};
/* End PBXTargetDependency section */

/* Begin XCBuildConfiguration section */
		38888BD41E6A060000BBE851 /* Debug */ = {
			isa = XCBuildConfiguration;
			buildSettings = {
				ALWAYS_SEARCH_USER_PATHS = NO;
				CLANG_ANALYZER_NONNULL = YES;
				CLANG_CXX_LANGUAGE_STANDARD = "gnu++0x";
				CLANG_CXX_LIBRARY = "libc++";
				CLANG_ENABLE_MODULES = YES;
				CLANG_ENABLE_OBJC_ARC = YES;
				CLANG_WARN_BOOL_CONVERSION = YES;
				CLANG_WARN_CONSTANT_CONVERSION = YES;
				CLANG_WARN_DIRECT_OBJC_ISA_USAGE = YES_ERROR;
				CLANG_WARN_DOCUMENTATION_COMMENTS = YES;
				CLANG_WARN_EMPTY_BODY = YES;
				CLANG_WARN_ENUM_CONVERSION = YES;
				CLANG_WARN_INFINITE_RECURSION = YES;
				CLANG_WARN_INT_CONVERSION = YES;
				CLANG_WARN_OBJC_ROOT_CLASS = YES_ERROR;
				CLANG_WARN_SUSPICIOUS_MOVE = YES;
				CLANG_WARN_UNREACHABLE_CODE = YES;
				CLANG_WARN__DUPLICATE_METHOD_MATCH = YES;
				"CODE_SIGN_IDENTITY[sdk=iphoneos*]" = "iPhone Developer";
				COPY_PHASE_STRIP = NO;
				CURRENT_PROJECT_VERSION = 1;
				DEBUG_INFORMATION_FORMAT = dwarf;
				ENABLE_STRICT_OBJC_MSGSEND = YES;
				ENABLE_TESTABILITY = YES;
				GCC_C_LANGUAGE_STANDARD = gnu99;
				GCC_DYNAMIC_NO_PIC = NO;
				GCC_NO_COMMON_BLOCKS = YES;
				GCC_OPTIMIZATION_LEVEL = 0;
				GCC_PREPROCESSOR_DEFINITIONS = (
					"DEBUG=1",
					"$(inherited)",
				);
				GCC_WARN_64_TO_32_BIT_CONVERSION = YES;
				GCC_WARN_ABOUT_RETURN_TYPE = YES_ERROR;
				GCC_WARN_UNDECLARED_SELECTOR = YES;
				GCC_WARN_UNINITIALIZED_AUTOS = YES_AGGRESSIVE;
				GCC_WARN_UNUSED_FUNCTION = YES;
				GCC_WARN_UNUSED_VARIABLE = YES;
				IPHONEOS_DEPLOYMENT_TARGET = 10.2;
				MTL_ENABLE_DEBUG_INFO = YES;
				ONLY_ACTIVE_ARCH = YES;
				SDKROOT = iphoneos;
				TARGETED_DEVICE_FAMILY = "1,2";
				VERSIONING_SYSTEM = "apple-generic";
				VERSION_INFO_PREFIX = "";
			};
			name = Debug;
		};
		38888BD51E6A060000BBE851 /* Release */ = {
			isa = XCBuildConfiguration;
			buildSettings = {
				ALWAYS_SEARCH_USER_PATHS = NO;
				CLANG_ANALYZER_NONNULL = YES;
				CLANG_CXX_LANGUAGE_STANDARD = "gnu++0x";
				CLANG_CXX_LIBRARY = "libc++";
				CLANG_ENABLE_MODULES = YES;
				CLANG_ENABLE_OBJC_ARC = YES;
				CLANG_WARN_BOOL_CONVERSION = YES;
				CLANG_WARN_CONSTANT_CONVERSION = YES;
				CLANG_WARN_DIRECT_OBJC_ISA_USAGE = YES_ERROR;
				CLANG_WARN_DOCUMENTATION_COMMENTS = YES;
				CLANG_WARN_EMPTY_BODY = YES;
				CLANG_WARN_ENUM_CONVERSION = YES;
				CLANG_WARN_INFINITE_RECURSION = YES;
				CLANG_WARN_INT_CONVERSION = YES;
				CLANG_WARN_OBJC_ROOT_CLASS = YES_ERROR;
				CLANG_WARN_SUSPICIOUS_MOVE = YES;
				CLANG_WARN_UNREACHABLE_CODE = YES;
				CLANG_WARN__DUPLICATE_METHOD_MATCH = YES;
				"CODE_SIGN_IDENTITY[sdk=iphoneos*]" = "iPhone Developer";
				COPY_PHASE_STRIP = NO;
				CURRENT_PROJECT_VERSION = 1;
				DEBUG_INFORMATION_FORMAT = "dwarf-with-dsym";
				ENABLE_NS_ASSERTIONS = NO;
				ENABLE_STRICT_OBJC_MSGSEND = YES;
				GCC_C_LANGUAGE_STANDARD = gnu99;
				GCC_NO_COMMON_BLOCKS = YES;
				GCC_WARN_64_TO_32_BIT_CONVERSION = YES;
				GCC_WARN_ABOUT_RETURN_TYPE = YES_ERROR;
				GCC_WARN_UNDECLARED_SELECTOR = YES;
				GCC_WARN_UNINITIALIZED_AUTOS = YES_AGGRESSIVE;
				GCC_WARN_UNUSED_FUNCTION = YES;
				GCC_WARN_UNUSED_VARIABLE = YES;
				IPHONEOS_DEPLOYMENT_TARGET = 10.2;
				MTL_ENABLE_DEBUG_INFO = NO;
				SDKROOT = iphoneos;
				TARGETED_DEVICE_FAMILY = "1,2";
				VALIDATE_PRODUCT = YES;
				VERSIONING_SYSTEM = "apple-generic";
				VERSION_INFO_PREFIX = "";
			};
			name = Release;
		};
		38888BD71E6A060000BBE851 /* Debug */ = {
			isa = XCBuildConfiguration;
			buildSettings = {
				CODE_SIGN_IDENTITY = "";
				DEFINES_MODULE = YES;
				DEVELOPMENT_TEAM = 8T7JS2NBEH;
				DYLIB_COMPATIBILITY_VERSION = 1;
				DYLIB_CURRENT_VERSION = 1;
				DYLIB_INSTALL_NAME_BASE = "@rpath";
				INFOPLIST_FILE = KERSessionManager/Info.plist;
				INSTALL_PATH = "$(LOCAL_LIBRARY_DIR)/Frameworks";
				LD_RUNPATH_SEARCH_PATHS = "$(inherited) @executable_path/Frameworks @loader_path/Frameworks";
				PRODUCT_BUNDLE_IDENTIFIER = com.quivercoding.www.KERSessionManager;
				PRODUCT_NAME = "$(TARGET_NAME)";
				SKIP_INSTALL = YES;
			};
			name = Debug;
		};
		38888BD81E6A060000BBE851 /* Release */ = {
			isa = XCBuildConfiguration;
			buildSettings = {
				CODE_SIGN_IDENTITY = "";
				DEFINES_MODULE = YES;
				DEVELOPMENT_TEAM = 8T7JS2NBEH;
				DYLIB_COMPATIBILITY_VERSION = 1;
				DYLIB_CURRENT_VERSION = 1;
				DYLIB_INSTALL_NAME_BASE = "@rpath";
				INFOPLIST_FILE = KERSessionManager/Info.plist;
				INSTALL_PATH = "$(LOCAL_LIBRARY_DIR)/Frameworks";
				LD_RUNPATH_SEARCH_PATHS = "$(inherited) @executable_path/Frameworks @loader_path/Frameworks";
				PRODUCT_BUNDLE_IDENTIFIER = com.quivercoding.www.KERSessionManager;
				PRODUCT_NAME = "$(TARGET_NAME)";
				SKIP_INSTALL = YES;
			};
			name = Release;
		};
		38888BDA1E6A060000BBE851 /* Debug */ = {
			isa = XCBuildConfiguration;
			buildSettings = {
				DEVELOPMENT_TEAM = 8T7JS2NBEH;
				INFOPLIST_FILE = KERSessionManagerTests/Info.plist;
				LD_RUNPATH_SEARCH_PATHS = "$(inherited) @executable_path/Frameworks @loader_path/Frameworks";
				PRODUCT_BUNDLE_IDENTIFIER = com.quivercoding.www.KERSessionManagerTests;
				PRODUCT_NAME = "$(TARGET_NAME)";
			};
			name = Debug;
		};
		38888BDB1E6A060000BBE851 /* Release */ = {
			isa = XCBuildConfiguration;
			buildSettings = {
				DEVELOPMENT_TEAM = 8T7JS2NBEH;
				INFOPLIST_FILE = KERSessionManagerTests/Info.plist;
				LD_RUNPATH_SEARCH_PATHS = "$(inherited) @executable_path/Frameworks @loader_path/Frameworks";
				PRODUCT_BUNDLE_IDENTIFIER = com.quivercoding.www.KERSessionManagerTests;
				PRODUCT_NAME = "$(TARGET_NAME)";
			};
			name = Release;
		};
/* End XCBuildConfiguration section */

/* Begin XCConfigurationList section */
		38888BBC1E6A060000BBE851 /* Build configuration list for PBXProject "KERSessionManager" */ = {
			isa = XCConfigurationList;
			buildConfigurations = (
				38888BD41E6A060000BBE851 /* Debug */,
				38888BD51E6A060000BBE851 /* Release */,
			);
			defaultConfigurationIsVisible = 0;
			defaultConfigurationName = Release;
		};
		38888BD61E6A060000BBE851 /* Build configuration list for PBXNativeTarget "KERSessionManager" */ = {
			isa = XCConfigurationList;
			buildConfigurations = (
				38888BD71E6A060000BBE851 /* Debug */,
				38888BD81E6A060000BBE851 /* Release */,
			);
			defaultConfigurationIsVisible = 0;
			defaultConfigurationName = Release;
		};
		38888BD91E6A060000BBE851 /* Build configuration list for PBXNativeTarget "KERSessionManagerTests" */ = {
			isa = XCConfigurationList;
			buildConfigurations = (
				38888BDA1E6A060000BBE851 /* Debug */,
				38888BDB1E6A060000BBE851 /* Release */,
			);
			defaultConfigurationIsVisible = 0;
			defaultConfigurationName = Release;
		};
/* End XCConfigurationList section */
	};
	rootObject = 38888BB91E6A060000BBE851 /* Project object */;
}
